// !$*UTF8*$!
{
	archiveVersion = 1;
	classes = {
	};
	objectVersion = 51;
	objects = {

/* Begin PBXBuildFile section */
		97989C7833EC9374679B3849 /* Pods_DVT_WeatherApp_AdonisRumbwereTests.framework in Frameworks */ = {isa = PBXBuildFile; fileRef = 9092A4F436FBF84D7AAAD1DB /* Pods_DVT_WeatherApp_AdonisRumbwereTests.framework */; };
		9B52FFDF41DDBD3547BC97B5 /* Pods_DVT_WeatherApp_AdonisRumbwere.framework in Frameworks */ = {isa = PBXBuildFile; fileRef = 89FA5BB363A0BECB172B71B7 /* Pods_DVT_WeatherApp_AdonisRumbwere.framework */; };
		AC3898077D666C6C86BE94AF /* Pods_DVT_WeatherApp_AdonisRumbwereUITests.framework in Frameworks */ = {isa = PBXBuildFile; fileRef = 072718473FC96254C3ED62C8 /* Pods_DVT_WeatherApp_AdonisRumbwereUITests.framework */; };
		F13529B623A2562E00F47982 /* ViewController.swift in Sources */ = {isa = PBXBuildFile; fileRef = F1FADB1B239E864600A65A01 /* ViewController.swift */; };
		F13529B723A2562E00F47982 /* ViewController.swift in Sources */ = {isa = PBXBuildFile; fileRef = F1FADB1B239E864600A65A01 /* ViewController.swift */; };
		F17F478523A8041A005B8B1F /* Info.plist in Resources */ = {isa = PBXBuildFile; fileRef = F1FADB25239E864900A65A01 /* Info.plist */; };
		F17F478623A8041B005B8B1F /* Info.plist in Resources */ = {isa = PBXBuildFile; fileRef = F1FADB25239E864900A65A01 /* Info.plist */; };
		F1A1B93223A77F4E00DB3618 /* Extension.swift in Sources */ = {isa = PBXBuildFile; fileRef = F1A1B93123A77F4E00DB3618 /* Extension.swift */; };
		F1A1B93423A77FB200DB3618 /* CurrentWeather.swift in Sources */ = {isa = PBXBuildFile; fileRef = F1A1B93323A77FB200DB3618 /* CurrentWeather.swift */; };
		F1A1B93623A77FD600DB3618 /* Location.swift in Sources */ = {isa = PBXBuildFile; fileRef = F1A1B93523A77FD600DB3618 /* Location.swift */; };
		F1A1B93823A7801400DB3618 /* ForecastWeather.swift in Sources */ = {isa = PBXBuildFile; fileRef = F1A1B93723A7801400DB3618 /* ForecastWeather.swift */; };
		F1A1B93A23A7807000DB3618 /* ForecastCell.swift in Sources */ = {isa = PBXBuildFile; fileRef = F1A1B93923A7807000DB3618 /* ForecastCell.swift */; };
		F1A1B93B23A7991400DB3618 /* Extras.swift in Sources */ = {isa = PBXBuildFile; fileRef = F1FADB50239FE51700A65A01 /* Extras.swift */; };
		F1A1B93C23A7991400DB3618 /* Extras.swift in Sources */ = {isa = PBXBuildFile; fileRef = F1FADB50239FE51700A65A01 /* Extras.swift */; };
		F1C4018E23A80D760083F2CF /* Info.plist in Resources */ = {isa = PBXBuildFile; fileRef = F1FADB25239E864900A65A01 /* Info.plist */; };
		F1FADB18239E864600A65A01 /* AppDelegate.swift in Sources */ = {isa = PBXBuildFile; fileRef = F1FADB17239E864600A65A01 /* AppDelegate.swift */; };
		F1FADB1A239E864600A65A01 /* SceneDelegate.swift in Sources */ = {isa = PBXBuildFile; fileRef = F1FADB19239E864600A65A01 /* SceneDelegate.swift */; };
		F1FADB1C239E864600A65A01 /* ViewController.swift in Sources */ = {isa = PBXBuildFile; fileRef = F1FADB1B239E864600A65A01 /* ViewController.swift */; };
		F1FADB1F239E864600A65A01 /* Main.storyboard in Resources */ = {isa = PBXBuildFile; fileRef = F1FADB1D239E864600A65A01 /* Main.storyboard */; };
		F1FADB21239E864900A65A01 /* Assets.xcassets in Resources */ = {isa = PBXBuildFile; fileRef = F1FADB20239E864900A65A01 /* Assets.xcassets */; };
		F1FADB24239E864900A65A01 /* LaunchScreen.storyboard in Resources */ = {isa = PBXBuildFile; fileRef = F1FADB22239E864900A65A01 /* LaunchScreen.storyboard */; };
		F1FADB2F239E864A00A65A01 /* DVT_WeatherApp_AdonisRumbwereTests.swift in Sources */ = {isa = PBXBuildFile; fileRef = F1FADB2E239E864A00A65A01 /* DVT_WeatherApp_AdonisRumbwereTests.swift */; };
		F1FADB3A239E864A00A65A01 /* DVT_WeatherApp_AdonisRumbwereUITests.swift in Sources */ = {isa = PBXBuildFile; fileRef = F1FADB39239E864A00A65A01 /* DVT_WeatherApp_AdonisRumbwereUITests.swift */; };
		F1FADB51239FE51700A65A01 /* Extras.swift in Sources */ = {isa = PBXBuildFile; fileRef = F1FADB50239FE51700A65A01 /* Extras.swift */; };
/* End PBXBuildFile section */

/* Begin PBXContainerItemProxy section */
		F1FADB2B239E864A00A65A01 /* PBXContainerItemProxy */ = {
			isa = PBXContainerItemProxy;
			containerPortal = F1FADB0C239E864600A65A01 /* Project object */;
			proxyType = 1;
			remoteGlobalIDString = F1FADB13239E864600A65A01;
			remoteInfo = "DVT-WeatherApp-AdonisRumbwere";
		};
		F1FADB36239E864A00A65A01 /* PBXContainerItemProxy */ = {
			isa = PBXContainerItemProxy;
			containerPortal = F1FADB0C239E864600A65A01 /* Project object */;
			proxyType = 1;
			remoteGlobalIDString = F1FADB13239E864600A65A01;
			remoteInfo = "DVT-WeatherApp-AdonisRumbwere";
		};
/* End PBXContainerItemProxy section */

/* Begin PBXFileReference section */
		072718473FC96254C3ED62C8 /* Pods_DVT_WeatherApp_AdonisRumbwereUITests.framework */ = {isa = PBXFileReference; explicitFileType = wrapper.framework; includeInIndex = 0; path = Pods_DVT_WeatherApp_AdonisRumbwereUITests.framework; sourceTree = BUILT_PRODUCTS_DIR; };
		0EF3CA1DAF9EEB7CC7E925D3 /* Pods-DVT-WeatherApp-AdonisRumbwereUITests.release.xcconfig */ = {isa = PBXFileReference; includeInIndex = 1; lastKnownFileType = text.xcconfig; name = "Pods-DVT-WeatherApp-AdonisRumbwereUITests.release.xcconfig"; path = "Target Support Files/Pods-DVT-WeatherApp-AdonisRumbwereUITests/Pods-DVT-WeatherApp-AdonisRumbwereUITests.release.xcconfig"; sourceTree = "<group>"; };
		109735B47538E0BECFD85D1A /* Pods-DVT-WeatherApp-AdonisRumbwereUITests.debug.xcconfig */ = {isa = PBXFileReference; includeInIndex = 1; lastKnownFileType = text.xcconfig; name = "Pods-DVT-WeatherApp-AdonisRumbwereUITests.debug.xcconfig"; path = "Target Support Files/Pods-DVT-WeatherApp-AdonisRumbwereUITests/Pods-DVT-WeatherApp-AdonisRumbwereUITests.debug.xcconfig"; sourceTree = "<group>"; };
		1BFF1631DA4050C47339D9FB /* Pods-DVT-WeatherApp-AdonisRumbwere.debug.xcconfig */ = {isa = PBXFileReference; includeInIndex = 1; lastKnownFileType = text.xcconfig; name = "Pods-DVT-WeatherApp-AdonisRumbwere.debug.xcconfig"; path = "Target Support Files/Pods-DVT-WeatherApp-AdonisRumbwere/Pods-DVT-WeatherApp-AdonisRumbwere.debug.xcconfig"; sourceTree = "<group>"; };
		6EE2C079BD379824F0829208 /* Pods-DVT-WeatherApp-AdonisRumbwereTests.debug.xcconfig */ = {isa = PBXFileReference; includeInIndex = 1; lastKnownFileType = text.xcconfig; name = "Pods-DVT-WeatherApp-AdonisRumbwereTests.debug.xcconfig"; path = "Target Support Files/Pods-DVT-WeatherApp-AdonisRumbwereTests/Pods-DVT-WeatherApp-AdonisRumbwereTests.debug.xcconfig"; sourceTree = "<group>"; };
		89FA5BB363A0BECB172B71B7 /* Pods_DVT_WeatherApp_AdonisRumbwere.framework */ = {isa = PBXFileReference; explicitFileType = wrapper.framework; includeInIndex = 0; path = Pods_DVT_WeatherApp_AdonisRumbwere.framework; sourceTree = BUILT_PRODUCTS_DIR; };
		9092A4F436FBF84D7AAAD1DB /* Pods_DVT_WeatherApp_AdonisRumbwereTests.framework */ = {isa = PBXFileReference; explicitFileType = wrapper.framework; includeInIndex = 0; path = Pods_DVT_WeatherApp_AdonisRumbwereTests.framework; sourceTree = BUILT_PRODUCTS_DIR; };
		F15CD4A011E677DCD4C23808 /* Pods-DVT-WeatherApp-AdonisRumbwere.release.xcconfig */ = {isa = PBXFileReference; includeInIndex = 1; lastKnownFileType = text.xcconfig; name = "Pods-DVT-WeatherApp-AdonisRumbwere.release.xcconfig"; path = "Target Support Files/Pods-DVT-WeatherApp-AdonisRumbwere/Pods-DVT-WeatherApp-AdonisRumbwere.release.xcconfig"; sourceTree = "<group>"; };
		F1A1B93123A77F4E00DB3618 /* Extension.swift */ = {isa = PBXFileReference; lastKnownFileType = sourcecode.swift; path = Extension.swift; sourceTree = "<group>"; };
		F1A1B93323A77FB200DB3618 /* CurrentWeather.swift */ = {isa = PBXFileReference; lastKnownFileType = sourcecode.swift; path = CurrentWeather.swift; sourceTree = "<group>"; };
		F1A1B93523A77FD600DB3618 /* Location.swift */ = {isa = PBXFileReference; lastKnownFileType = sourcecode.swift; path = Location.swift; sourceTree = "<group>"; };
		F1A1B93723A7801400DB3618 /* ForecastWeather.swift */ = {isa = PBXFileReference; lastKnownFileType = sourcecode.swift; path = ForecastWeather.swift; sourceTree = "<group>"; };
		F1A1B93923A7807000DB3618 /* ForecastCell.swift */ = {isa = PBXFileReference; lastKnownFileType = sourcecode.swift; path = ForecastCell.swift; sourceTree = "<group>"; };
		F1FADB14239E864600A65A01 /* DVT-WeatherApp-AdonisRumbwere.app */ = {isa = PBXFileReference; explicitFileType = wrapper.application; includeInIndex = 0; path = "DVT-WeatherApp-AdonisRumbwere.app"; sourceTree = BUILT_PRODUCTS_DIR; };
		F1FADB17239E864600A65A01 /* AppDelegate.swift */ = {isa = PBXFileReference; lastKnownFileType = sourcecode.swift; path = AppDelegate.swift; sourceTree = "<group>"; };
		F1FADB19239E864600A65A01 /* SceneDelegate.swift */ = {isa = PBXFileReference; lastKnownFileType = sourcecode.swift; path = SceneDelegate.swift; sourceTree = "<group>"; };
		F1FADB1B239E864600A65A01 /* ViewController.swift */ = {isa = PBXFileReference; lastKnownFileType = sourcecode.swift; path = ViewController.swift; sourceTree = "<group>"; };
		F1FADB1E239E864600A65A01 /* Base */ = {isa = PBXFileReference; lastKnownFileType = file.storyboard; name = Base; path = Base.lproj/Main.storyboard; sourceTree = "<group>"; };
		F1FADB20239E864900A65A01 /* Assets.xcassets */ = {isa = PBXFileReference; lastKnownFileType = folder.assetcatalog; path = Assets.xcassets; sourceTree = "<group>"; };
		F1FADB23239E864900A65A01 /* Base */ = {isa = PBXFileReference; lastKnownFileType = file.storyboard; name = Base; path = Base.lproj/LaunchScreen.storyboard; sourceTree = "<group>"; };
		F1FADB25239E864900A65A01 /* Info.plist */ = {isa = PBXFileReference; lastKnownFileType = text.plist.xml; path = Info.plist; sourceTree = "<group>"; };
		F1FADB2A239E864A00A65A01 /* DVT-WeatherApp-AdonisRumbwereTests.xctest */ = {isa = PBXFileReference; explicitFileType = wrapper.cfbundle; includeInIndex = 0; path = "DVT-WeatherApp-AdonisRumbwereTests.xctest"; sourceTree = BUILT_PRODUCTS_DIR; };
		F1FADB2E239E864A00A65A01 /* DVT_WeatherApp_AdonisRumbwereTests.swift */ = {isa = PBXFileReference; lastKnownFileType = sourcecode.swift; path = DVT_WeatherApp_AdonisRumbwereTests.swift; sourceTree = "<group>"; };
		F1FADB30239E864A00A65A01 /* Info.plist */ = {isa = PBXFileReference; lastKnownFileType = text.plist.xml; path = Info.plist; sourceTree = "<group>"; };
		F1FADB35239E864A00A65A01 /* DVT-WeatherApp-AdonisRumbwereUITests.xctest */ = {isa = PBXFileReference; explicitFileType = wrapper.cfbundle; includeInIndex = 0; path = "DVT-WeatherApp-AdonisRumbwereUITests.xctest"; sourceTree = BUILT_PRODUCTS_DIR; };
		F1FADB39239E864A00A65A01 /* DVT_WeatherApp_AdonisRumbwereUITests.swift */ = {isa = PBXFileReference; lastKnownFileType = sourcecode.swift; path = DVT_WeatherApp_AdonisRumbwereUITests.swift; sourceTree = "<group>"; };
		F1FADB3B239E864A00A65A01 /* Info.plist */ = {isa = PBXFileReference; lastKnownFileType = text.plist.xml; path = Info.plist; sourceTree = "<group>"; };
		F1FADB50239FE51700A65A01 /* Extras.swift */ = {isa = PBXFileReference; lastKnownFileType = sourcecode.swift; path = Extras.swift; sourceTree = "<group>"; };
		FD95274BEFB023EB2F2A32DE /* Pods-DVT-WeatherApp-AdonisRumbwereTests.release.xcconfig */ = {isa = PBXFileReference; includeInIndex = 1; lastKnownFileType = text.xcconfig; name = "Pods-DVT-WeatherApp-AdonisRumbwereTests.release.xcconfig"; path = "Target Support Files/Pods-DVT-WeatherApp-AdonisRumbwereTests/Pods-DVT-WeatherApp-AdonisRumbwereTests.release.xcconfig"; sourceTree = "<group>"; };
/* End PBXFileReference section */

/* Begin PBXFrameworksBuildPhase section */
		F1FADB11239E864600A65A01 /* Frameworks */ = {
			isa = PBXFrameworksBuildPhase;
			buildActionMask = 2147483647;
			files = (
				9B52FFDF41DDBD3547BC97B5 /* Pods_DVT_WeatherApp_AdonisRumbwere.framework in Frameworks */,
			);
			runOnlyForDeploymentPostprocessing = 0;
		};
		F1FADB27239E864A00A65A01 /* Frameworks */ = {
			isa = PBXFrameworksBuildPhase;
			buildActionMask = 2147483647;
			files = (
				97989C7833EC9374679B3849 /* Pods_DVT_WeatherApp_AdonisRumbwereTests.framework in Frameworks */,
			);
			runOnlyForDeploymentPostprocessing = 0;
		};
		F1FADB32239E864A00A65A01 /* Frameworks */ = {
			isa = PBXFrameworksBuildPhase;
			buildActionMask = 2147483647;
			files = (
				AC3898077D666C6C86BE94AF /* Pods_DVT_WeatherApp_AdonisRumbwereUITests.framework in Frameworks */,
			);
			runOnlyForDeploymentPostprocessing = 0;
		};
/* End PBXFrameworksBuildPhase section */

/* Begin PBXGroup section */
		13D46463A578BE45CFBEB5E3 /* Pods */ = {
			isa = PBXGroup;
			children = (
				1BFF1631DA4050C47339D9FB /* Pods-DVT-WeatherApp-AdonisRumbwere.debug.xcconfig */,
				F15CD4A011E677DCD4C23808 /* Pods-DVT-WeatherApp-AdonisRumbwere.release.xcconfig */,
				6EE2C079BD379824F0829208 /* Pods-DVT-WeatherApp-AdonisRumbwereTests.debug.xcconfig */,
				FD95274BEFB023EB2F2A32DE /* Pods-DVT-WeatherApp-AdonisRumbwereTests.release.xcconfig */,
				109735B47538E0BECFD85D1A /* Pods-DVT-WeatherApp-AdonisRumbwereUITests.debug.xcconfig */,
				0EF3CA1DAF9EEB7CC7E925D3 /* Pods-DVT-WeatherApp-AdonisRumbwereUITests.release.xcconfig */,
			);
			path = Pods;
			sourceTree = "<group>";
		};
		644C1FE7CB62C2FAD60D25F9 /* Frameworks */ = {
			isa = PBXGroup;
			children = (
				89FA5BB363A0BECB172B71B7 /* Pods_DVT_WeatherApp_AdonisRumbwere.framework */,
				9092A4F436FBF84D7AAAD1DB /* Pods_DVT_WeatherApp_AdonisRumbwereTests.framework */,
				072718473FC96254C3ED62C8 /* Pods_DVT_WeatherApp_AdonisRumbwereUITests.framework */,
			);
			name = Frameworks;
			sourceTree = "<group>";
		};
		F1FADB0B239E864600A65A01 = {
			isa = PBXGroup;
			children = (
				F1FADB16239E864600A65A01 /* DVT-WeatherApp-AdonisRumbwere */,
				F1FADB2D239E864A00A65A01 /* DVT-WeatherApp-AdonisRumbwereTests */,
				F1FADB38239E864A00A65A01 /* DVT-WeatherApp-AdonisRumbwereUITests */,
				F1FADB15239E864600A65A01 /* Products */,
				13D46463A578BE45CFBEB5E3 /* Pods */,
				644C1FE7CB62C2FAD60D25F9 /* Frameworks */,
			);
			sourceTree = "<group>";
		};
		F1FADB15239E864600A65A01 /* Products */ = {
			isa = PBXGroup;
			children = (
				F1FADB14239E864600A65A01 /* DVT-WeatherApp-AdonisRumbwere.app */,
				F1FADB2A239E864A00A65A01 /* DVT-WeatherApp-AdonisRumbwereTests.xctest */,
				F1FADB35239E864A00A65A01 /* DVT-WeatherApp-AdonisRumbwereUITests.xctest */,
			);
			name = Products;
			sourceTree = "<group>";
		};
		F1FADB16239E864600A65A01 /* DVT-WeatherApp-AdonisRumbwere */ = {
			isa = PBXGroup;
			children = (
				F1FADB49239E9FFF00A65A01 /* Model */,
				F1FADB4D239EA0AD00A65A01 /* View */,
				F1FADB48239E9FEF00A65A01 /* Controller */,
				F1FADB4F239EA0D700A65A01 /* Extensions */,
				F1FADB4E239EA0CF00A65A01 /* Extras */,
				F1FADB17239E864600A65A01 /* AppDelegate.swift */,
				F1FADB19239E864600A65A01 /* SceneDelegate.swift */,
				F1FADB1D239E864600A65A01 /* Main.storyboard */,
				F1FADB20239E864900A65A01 /* Assets.xcassets */,
				F1FADB22239E864900A65A01 /* LaunchScreen.storyboard */,
				F1FADB25239E864900A65A01 /* Info.plist */,
			);
			path = "DVT-WeatherApp-AdonisRumbwere";
			sourceTree = "<group>";
		};
		F1FADB2D239E864A00A65A01 /* DVT-WeatherApp-AdonisRumbwereTests */ = {
			isa = PBXGroup;
			children = (
				F1FADB2E239E864A00A65A01 /* DVT_WeatherApp_AdonisRumbwereTests.swift */,
				F1FADB30239E864A00A65A01 /* Info.plist */,
			);
			path = "DVT-WeatherApp-AdonisRumbwereTests";
			sourceTree = "<group>";
		};
		F1FADB38239E864A00A65A01 /* DVT-WeatherApp-AdonisRumbwereUITests */ = {
			isa = PBXGroup;
			children = (
				F1FADB39239E864A00A65A01 /* DVT_WeatherApp_AdonisRumbwereUITests.swift */,
				F1FADB3B239E864A00A65A01 /* Info.plist */,
			);
			path = "DVT-WeatherApp-AdonisRumbwereUITests";
			sourceTree = "<group>";
		};
		F1FADB48239E9FEF00A65A01 /* Controller */ = {
			isa = PBXGroup;
			children = (
				F1FADB1B239E864600A65A01 /* ViewController.swift */,
			);
			path = Controller;
			sourceTree = "<group>";
		};
		F1FADB49239E9FFF00A65A01 /* Model */ = {
			isa = PBXGroup;
			children = (
				F1A1B93323A77FB200DB3618 /* CurrentWeather.swift */,
				F1A1B93523A77FD600DB3618 /* Location.swift */,
				F1A1B93723A7801400DB3618 /* ForecastWeather.swift */,
			);
			path = Model;
			sourceTree = "<group>";
		};
		F1FADB4D239EA0AD00A65A01 /* View */ = {
			isa = PBXGroup;
			children = (
				F1A1B93923A7807000DB3618 /* ForecastCell.swift */,
			);
			name = View;
			path = ../View;
			sourceTree = "<group>";
		};
		F1FADB4E239EA0CF00A65A01 /* Extras */ = {
			isa = PBXGroup;
			children = (
				F1FADB50239FE51700A65A01 /* Extras.swift */,
			);
			path = Extras;
			sourceTree = "<group>";
		};
		F1FADB4F239EA0D700A65A01 /* Extensions */ = {
			isa = PBXGroup;
			children = (
				F1A1B93123A77F4E00DB3618 /* Extension.swift */,
			);
			path = Extensions;
			sourceTree = "<group>";
		};
/* End PBXGroup section */

/* Begin PBXNativeTarget section */
		F1FADB13239E864600A65A01 /* DVT-WeatherApp-AdonisRumbwere */ = {
			isa = PBXNativeTarget;
			buildConfigurationList = F1FADB3E239E864A00A65A01 /* Build configuration list for PBXNativeTarget "DVT-WeatherApp-AdonisRumbwere" */;
			buildPhases = (
				0AA1EA258638C8462A011A2F /* [CP] Check Pods Manifest.lock */,
				F1FADB10239E864600A65A01 /* Sources */,
				F1FADB11239E864600A65A01 /* Frameworks */,
				F1FADB12239E864600A65A01 /* Resources */,
				D23648A1E4CC0A566ADE48E8 /* [CP] Embed Pods Frameworks */,
			);
			buildRules = (
			);
			dependencies = (
			);
			name = "DVT-WeatherApp-AdonisRumbwere";
			productName = "DVT-WeatherApp-AdonisRumbwere";
			productReference = F1FADB14239E864600A65A01 /* DVT-WeatherApp-AdonisRumbwere.app */;
			productType = "com.apple.product-type.application";
		};
		F1FADB29239E864A00A65A01 /* DVT-WeatherApp-AdonisRumbwereTests */ = {
			isa = PBXNativeTarget;
			buildConfigurationList = F1FADB41239E864A00A65A01 /* Build configuration list for PBXNativeTarget "DVT-WeatherApp-AdonisRumbwereTests" */;
			buildPhases = (
				5C15679784586C5F67AFAEB8 /* [CP] Check Pods Manifest.lock */,
				F1FADB26239E864A00A65A01 /* Sources */,
				F1FADB27239E864A00A65A01 /* Frameworks */,
				F1FADB28239E864A00A65A01 /* Resources */,
			);
			buildRules = (
			);
			dependencies = (
				F1FADB2C239E864A00A65A01 /* PBXTargetDependency */,
			);
			name = "DVT-WeatherApp-AdonisRumbwereTests";
			productName = "DVT-WeatherApp-AdonisRumbwereTests";
			productReference = F1FADB2A239E864A00A65A01 /* DVT-WeatherApp-AdonisRumbwereTests.xctest */;
			productType = "com.apple.product-type.bundle.unit-test";
		};
		F1FADB34239E864A00A65A01 /* DVT-WeatherApp-AdonisRumbwereUITests */ = {
			isa = PBXNativeTarget;
			buildConfigurationList = F1FADB44239E864A00A65A01 /* Build configuration list for PBXNativeTarget "DVT-WeatherApp-AdonisRumbwereUITests" */;
			buildPhases = (
				C6A01626D0E5EF53A0EB6A7E /* [CP] Check Pods Manifest.lock */,
				F1FADB31239E864A00A65A01 /* Sources */,
				F1FADB32239E864A00A65A01 /* Frameworks */,
				F1FADB33239E864A00A65A01 /* Resources */,
			);
			buildRules = (
			);
			dependencies = (
				F1FADB37239E864A00A65A01 /* PBXTargetDependency */,
			);
			name = "DVT-WeatherApp-AdonisRumbwereUITests";
			productName = "DVT-WeatherApp-AdonisRumbwereUITests";
			productReference = F1FADB35239E864A00A65A01 /* DVT-WeatherApp-AdonisRumbwereUITests.xctest */;
			productType = "com.apple.product-type.bundle.ui-testing";
		};
/* End PBXNativeTarget section */

/* Begin PBXProject section */
		F1FADB0C239E864600A65A01 /* Project object */ = {
			isa = PBXProject;
			attributes = {
				LastSwiftUpdateCheck = 1120;
				LastUpgradeCheck = 1130;
				ORGANIZATIONNAME = "Adonis Rumbwere";
				TargetAttributes = {
					F1FADB13239E864600A65A01 = {
						CreatedOnToolsVersion = 11.2.1;
					};
					F1FADB29239E864A00A65A01 = {
						CreatedOnToolsVersion = 11.2.1;
						TestTargetID = F1FADB13239E864600A65A01;
					};
					F1FADB34239E864A00A65A01 = {
						CreatedOnToolsVersion = 11.2.1;
						TestTargetID = F1FADB13239E864600A65A01;
					};
				};
			};
			buildConfigurationList = F1FADB0F239E864600A65A01 /* Build configuration list for PBXProject "DVT-WeatherApp-AdonisRumbwere" */;
			compatibilityVersion = "Xcode 9.3";
			developmentRegion = en;
			hasScannedForEncodings = 0;
			knownRegions = (
				en,
				Base,
			);
			mainGroup = F1FADB0B239E864600A65A01;
			productRefGroup = F1FADB15239E864600A65A01 /* Products */;
			projectDirPath = "";
			projectRoot = "";
			targets = (
				F1FADB13239E864600A65A01 /* DVT-WeatherApp-AdonisRumbwere */,
				F1FADB29239E864A00A65A01 /* DVT-WeatherApp-AdonisRumbwereTests */,
				F1FADB34239E864A00A65A01 /* DVT-WeatherApp-AdonisRumbwereUITests */,
			);
		};
/* End PBXProject section */

/* Begin PBXResourcesBuildPhase section */
		F1FADB12239E864600A65A01 /* Resources */ = {
			isa = PBXResourcesBuildPhase;
			buildActionMask = 2147483647;
			files = (
				F1C4018E23A80D760083F2CF /* Info.plist in Resources */,
				F1FADB24239E864900A65A01 /* LaunchScreen.storyboard in Resources */,
				F1FADB21239E864900A65A01 /* Assets.xcassets in Resources */,
				F1FADB1F239E864600A65A01 /* Main.storyboard in Resources */,
			);
			runOnlyForDeploymentPostprocessing = 0;
		};
		F1FADB28239E864A00A65A01 /* Resources */ = {
			isa = PBXResourcesBuildPhase;
			buildActionMask = 2147483647;
			files = (
				F17F478523A8041A005B8B1F /* Info.plist in Resources */,
			);
			runOnlyForDeploymentPostprocessing = 0;
		};
		F1FADB33239E864A00A65A01 /* Resources */ = {
			isa = PBXResourcesBuildPhase;
			buildActionMask = 2147483647;
			files = (
				F17F478623A8041B005B8B1F /* Info.plist in Resources */,
			);
			runOnlyForDeploymentPostprocessing = 0;
		};
/* End PBXResourcesBuildPhase section */

/* Begin PBXShellScriptBuildPhase section */
		0AA1EA258638C8462A011A2F /* [CP] Check Pods Manifest.lock */ = {
			isa = PBXShellScriptBuildPhase;
			buildActionMask = 2147483647;
			files = (
			);
			inputFileListPaths = (
			);
			inputPaths = (
				"${PODS_PODFILE_DIR_PATH}/Podfile.lock",
				"${PODS_ROOT}/Manifest.lock",
			);
			name = "[CP] Check Pods Manifest.lock";
			outputFileListPaths = (
			);
			outputPaths = (
				"$(DERIVED_FILE_DIR)/Pods-DVT-WeatherApp-AdonisRumbwere-checkManifestLockResult.txt",
			);
			runOnlyForDeploymentPostprocessing = 0;
			shellPath = /bin/sh;
			shellScript = "diff \"${PODS_PODFILE_DIR_PATH}/Podfile.lock\" \"${PODS_ROOT}/Manifest.lock\" > /dev/null\nif [ $? != 0 ] ; then\n    # print error to STDERR\n    echo \"error: The sandbox is not in sync with the Podfile.lock. Run 'pod install' or update your CocoaPods installation.\" >&2\n    exit 1\nfi\n# This output is used by Xcode 'outputs' to avoid re-running this script phase.\necho \"SUCCESS\" > \"${SCRIPT_OUTPUT_FILE_0}\"\n";
			showEnvVarsInLog = 0;
		};
		5C15679784586C5F67AFAEB8 /* [CP] Check Pods Manifest.lock */ = {
			isa = PBXShellScriptBuildPhase;
			buildActionMask = 2147483647;
			files = (
			);
			inputFileListPaths = (
			);
			inputPaths = (
				"${PODS_PODFILE_DIR_PATH}/Podfile.lock",
				"${PODS_ROOT}/Manifest.lock",
			);
			name = "[CP] Check Pods Manifest.lock";
			outputFileListPaths = (
			);
			outputPaths = (
				"$(DERIVED_FILE_DIR)/Pods-DVT-WeatherApp-AdonisRumbwereTests-checkManifestLockResult.txt",
			);
			runOnlyForDeploymentPostprocessing = 0;
			shellPath = /bin/sh;
			shellScript = "diff \"${PODS_PODFILE_DIR_PATH}/Podfile.lock\" \"${PODS_ROOT}/Manifest.lock\" > /dev/null\nif [ $? != 0 ] ; then\n    # print error to STDERR\n    echo \"error: The sandbox is not in sync with the Podfile.lock. Run 'pod install' or update your CocoaPods installation.\" >&2\n    exit 1\nfi\n# This output is used by Xcode 'outputs' to avoid re-running this script phase.\necho \"SUCCESS\" > \"${SCRIPT_OUTPUT_FILE_0}\"\n";
			showEnvVarsInLog = 0;
		};
		C6A01626D0E5EF53A0EB6A7E /* [CP] Check Pods Manifest.lock */ = {
			isa = PBXShellScriptBuildPhase;
			buildActionMask = 2147483647;
			files = (
			);
			inputFileListPaths = (
			);
			inputPaths = (
				"${PODS_PODFILE_DIR_PATH}/Podfile.lock",
				"${PODS_ROOT}/Manifest.lock",
			);
			name = "[CP] Check Pods Manifest.lock";
			outputFileListPaths = (
			);
			outputPaths = (
				"$(DERIVED_FILE_DIR)/Pods-DVT-WeatherApp-AdonisRumbwereUITests-checkManifestLockResult.txt",
			);
			runOnlyForDeploymentPostprocessing = 0;
			shellPath = /bin/sh;
			shellScript = "diff \"${PODS_PODFILE_DIR_PATH}/Podfile.lock\" \"${PODS_ROOT}/Manifest.lock\" > /dev/null\nif [ $? != 0 ] ; then\n    # print error to STDERR\n    echo \"error: The sandbox is not in sync with the Podfile.lock. Run 'pod install' or update your CocoaPods installation.\" >&2\n    exit 1\nfi\n# This output is used by Xcode 'outputs' to avoid re-running this script phase.\necho \"SUCCESS\" > \"${SCRIPT_OUTPUT_FILE_0}\"\n";
			showEnvVarsInLog = 0;
		};
		D23648A1E4CC0A566ADE48E8 /* [CP] Embed Pods Frameworks */ = {
			isa = PBXShellScriptBuildPhase;
			buildActionMask = 2147483647;
			files = (
			);
			inputFileListPaths = (
				"${PODS_ROOT}/Target Support Files/Pods-DVT-WeatherApp-AdonisRumbwere/Pods-DVT-WeatherApp-AdonisRumbwere-frameworks-${CONFIGURATION}-input-files.xcfilelist",
			);
			name = "[CP] Embed Pods Frameworks";
			outputFileListPaths = (
				"${PODS_ROOT}/Target Support Files/Pods-DVT-WeatherApp-AdonisRumbwere/Pods-DVT-WeatherApp-AdonisRumbwere-frameworks-${CONFIGURATION}-output-files.xcfilelist",
			);
			runOnlyForDeploymentPostprocessing = 0;
			shellPath = /bin/sh;
			shellScript = "\"${PODS_ROOT}/Target Support Files/Pods-DVT-WeatherApp-AdonisRumbwere/Pods-DVT-WeatherApp-AdonisRumbwere-frameworks.sh\"\n";
			showEnvVarsInLog = 0;
		};
/* End PBXShellScriptBuildPhase section */

/* Begin PBXSourcesBuildPhase section */
		F1FADB10239E864600A65A01 /* Sources */ = {
			isa = PBXSourcesBuildPhase;
			buildActionMask = 2147483647;
			files = (
				F1A1B93223A77F4E00DB3618 /* Extension.swift in Sources */,
				F1FADB1C239E864600A65A01 /* ViewController.swift in Sources */,
				F1FADB18239E864600A65A01 /* AppDelegate.swift in Sources */,
				F1FADB51239FE51700A65A01 /* Extras.swift in Sources */,
				F1A1B93A23A7807000DB3618 /* ForecastCell.swift in Sources */,
				F1A1B93423A77FB200DB3618 /* CurrentWeather.swift in Sources */,
				F1FADB1A239E864600A65A01 /* SceneDelegate.swift in Sources */,
				F1A1B93623A77FD600DB3618 /* Location.swift in Sources */,
				F1A1B93823A7801400DB3618 /* ForecastWeather.swift in Sources */,
			);
			runOnlyForDeploymentPostprocessing = 0;
		};
		F1FADB26239E864A00A65A01 /* Sources */ = {
			isa = PBXSourcesBuildPhase;
			buildActionMask = 2147483647;
			files = (
				F13529B623A2562E00F47982 /* ViewController.swift in Sources */,
				F1A1B93B23A7991400DB3618 /* Extras.swift in Sources */,
				F1FADB2F239E864A00A65A01 /* DVT_WeatherApp_AdonisRumbwereTests.swift in Sources */,
			);
			runOnlyForDeploymentPostprocessing = 0;
		};
		F1FADB31239E864A00A65A01 /* Sources */ = {
			isa = PBXSourcesBuildPhase;
			buildActionMask = 2147483647;
			files = (
				F13529B723A2562E00F47982 /* ViewController.swift in Sources */,
				F1A1B93C23A7991400DB3618 /* Extras.swift in Sources */,
				F1FADB3A239E864A00A65A01 /* DVT_WeatherApp_AdonisRumbwereUITests.swift in Sources */,
			);
			runOnlyForDeploymentPostprocessing = 0;
		};
/* End PBXSourcesBuildPhase section */

/* Begin PBXTargetDependency section */
		F1FADB2C239E864A00A65A01 /* PBXTargetDependency */ = {
			isa = PBXTargetDependency;
			target = F1FADB13239E864600A65A01 /* DVT-WeatherApp-AdonisRumbwere */;
			targetProxy = F1FADB2B239E864A00A65A01 /* PBXContainerItemProxy */;
		};
		F1FADB37239E864A00A65A01 /* PBXTargetDependency */ = {
			isa = PBXTargetDependency;
			target = F1FADB13239E864600A65A01 /* DVT-WeatherApp-AdonisRumbwere */;
			targetProxy = F1FADB36239E864A00A65A01 /* PBXContainerItemProxy */;
		};
/* End PBXTargetDependency section */

/* Begin PBXVariantGroup section */
		F1FADB1D239E864600A65A01 /* Main.storyboard */ = {
			isa = PBXVariantGroup;
			children = (
				F1FADB1E239E864600A65A01 /* Base */,
			);
			name = Main.storyboard;
			sourceTree = "<group>";
		};
		F1FADB22239E864900A65A01 /* LaunchScreen.storyboard */ = {
			isa = PBXVariantGroup;
			children = (
				F1FADB23239E864900A65A01 /* Base */,
			);
			name = LaunchScreen.storyboard;
			sourceTree = "<group>";
		};
/* End PBXVariantGroup section */

/* Begin XCBuildConfiguration section */
		F1FADB3C239E864A00A65A01 /* Debug */ = {
			isa = XCBuildConfiguration;
			buildSettings = {
				ALWAYS_SEARCH_USER_PATHS = NO;
				CLANG_ANALYZER_NONNULL = YES;
				CLANG_ANALYZER_NUMBER_OBJECT_CONVERSION = YES_AGGRESSIVE;
				CLANG_CXX_LANGUAGE_STANDARD = "gnu++14";
				CLANG_CXX_LIBRARY = "libc++";
				CLANG_ENABLE_MODULES = YES;
				CLANG_ENABLE_OBJC_ARC = YES;
				CLANG_ENABLE_OBJC_WEAK = YES;
				CLANG_WARN_BLOCK_CAPTURE_AUTORELEASING = YES;
				CLANG_WARN_BOOL_CONVERSION = YES;
				CLANG_WARN_COMMA = YES;
				CLANG_WARN_CONSTANT_CONVERSION = YES;
				CLANG_WARN_DEPRECATED_OBJC_IMPLEMENTATIONS = YES;
				CLANG_WARN_DIRECT_OBJC_ISA_USAGE = YES_ERROR;
				CLANG_WARN_DOCUMENTATION_COMMENTS = YES;
				CLANG_WARN_EMPTY_BODY = YES;
				CLANG_WARN_ENUM_CONVERSION = YES;
				CLANG_WARN_INFINITE_RECURSION = YES;
				CLANG_WARN_INT_CONVERSION = YES;
				CLANG_WARN_NON_LITERAL_NULL_CONVERSION = YES;
				CLANG_WARN_OBJC_IMPLICIT_RETAIN_SELF = YES;
				CLANG_WARN_OBJC_LITERAL_CONVERSION = YES;
				CLANG_WARN_OBJC_ROOT_CLASS = YES_ERROR;
				CLANG_WARN_RANGE_LOOP_ANALYSIS = YES;
				CLANG_WARN_STRICT_PROTOTYPES = YES;
				CLANG_WARN_SUSPICIOUS_MOVE = YES;
				CLANG_WARN_UNGUARDED_AVAILABILITY = YES_AGGRESSIVE;
				CLANG_WARN_UNREACHABLE_CODE = YES;
				CLANG_WARN__DUPLICATE_METHOD_MATCH = YES;
				COPY_PHASE_STRIP = NO;
				DEBUG_INFORMATION_FORMAT = dwarf;
				ENABLE_STRICT_OBJC_MSGSEND = YES;
				ENABLE_TESTABILITY = YES;
				GCC_C_LANGUAGE_STANDARD = gnu11;
				GCC_DYNAMIC_NO_PIC = NO;
				GCC_NO_COMMON_BLOCKS = YES;
				GCC_OPTIMIZATION_LEVEL = 0;
				GCC_PREPROCESSOR_DEFINITIONS = (
					"DEBUG=1",
					"$(inherited)",
				);
				GCC_WARN_64_TO_32_BIT_CONVERSION = YES;
				GCC_WARN_ABOUT_RETURN_TYPE = YES_ERROR;
				GCC_WARN_UNDECLARED_SELECTOR = YES;
				GCC_WARN_UNINITIALIZED_AUTOS = YES_AGGRESSIVE;
				GCC_WARN_UNUSED_FUNCTION = YES;
				GCC_WARN_UNUSED_VARIABLE = YES;
				IPHONEOS_DEPLOYMENT_TARGET = 13.2;
				MTL_ENABLE_DEBUG_INFO = INCLUDE_SOURCE;
				MTL_FAST_MATH = YES;
				ONLY_ACTIVE_ARCH = YES;
				SDKROOT = iphoneos;
				SWIFT_ACTIVE_COMPILATION_CONDITIONS = DEBUG;
				SWIFT_OPTIMIZATION_LEVEL = "-Onone";
			};
			name = Debug;
		};
		F1FADB3D239E864A00A65A01 /* Release */ = {
			isa = XCBuildConfiguration;
			buildSettings = {
				ALWAYS_SEARCH_USER_PATHS = NO;
				CLANG_ANALYZER_NONNULL = YES;
				CLANG_ANALYZER_NUMBER_OBJECT_CONVERSION = YES_AGGRESSIVE;
				CLANG_CXX_LANGUAGE_STANDARD = "gnu++14";
				CLANG_CXX_LIBRARY = "libc++";
				CLANG_ENABLE_MODULES = YES;
				CLANG_ENABLE_OBJC_ARC = YES;
				CLANG_ENABLE_OBJC_WEAK = YES;
				CLANG_WARN_BLOCK_CAPTURE_AUTORELEASING = YES;
				CLANG_WARN_BOOL_CONVERSION = YES;
				CLANG_WARN_COMMA = YES;
				CLANG_WARN_CONSTANT_CONVERSION = YES;
				CLANG_WARN_DEPRECATED_OBJC_IMPLEMENTATIONS = YES;
				CLANG_WARN_DIRECT_OBJC_ISA_USAGE = YES_ERROR;
				CLANG_WARN_DOCUMENTATION_COMMENTS = YES;
				CLANG_WARN_EMPTY_BODY = YES;
				CLANG_WARN_ENUM_CONVERSION = YES;
				CLANG_WARN_INFINITE_RECURSION = YES;
				CLANG_WARN_INT_CONVERSION = YES;
				CLANG_WARN_NON_LITERAL_NULL_CONVERSION = YES;
				CLANG_WARN_OBJC_IMPLICIT_RETAIN_SELF = YES;
				CLANG_WARN_OBJC_LITERAL_CONVERSION = YES;
				CLANG_WARN_OBJC_ROOT_CLASS = YES_ERROR;
				CLANG_WARN_RANGE_LOOP_ANALYSIS = YES;
				CLANG_WARN_STRICT_PROTOTYPES = YES;
				CLANG_WARN_SUSPICIOUS_MOVE = YES;
				CLANG_WARN_UNGUARDED_AVAILABILITY = YES_AGGRESSIVE;
				CLANG_WARN_UNREACHABLE_CODE = YES;
				CLANG_WARN__DUPLICATE_METHOD_MATCH = YES;
				COPY_PHASE_STRIP = NO;
				DEBUG_INFORMATION_FORMAT = "dwarf-with-dsym";
				ENABLE_NS_ASSERTIONS = NO;
				ENABLE_STRICT_OBJC_MSGSEND = YES;
				GCC_C_LANGUAGE_STANDARD = gnu11;
				GCC_NO_COMMON_BLOCKS = YES;
				GCC_WARN_64_TO_32_BIT_CONVERSION = YES;
				GCC_WARN_ABOUT_RETURN_TYPE = YES_ERROR;
				GCC_WARN_UNDECLARED_SELECTOR = YES;
				GCC_WARN_UNINITIALIZED_AUTOS = YES_AGGRESSIVE;
				GCC_WARN_UNUSED_FUNCTION = YES;
				GCC_WARN_UNUSED_VARIABLE = YES;
				IPHONEOS_DEPLOYMENT_TARGET = 13.2;
				MTL_ENABLE_DEBUG_INFO = NO;
				MTL_FAST_MATH = YES;
				SDKROOT = iphoneos;
				SWIFT_COMPILATION_MODE = wholemodule;
				SWIFT_OPTIMIZATION_LEVEL = "-O";
				VALIDATE_PRODUCT = YES;
			};
			name = Release;
		};
		F1FADB3F239E864A00A65A01 /* Debug */ = {
			isa = XCBuildConfiguration;
			baseConfigurationReference = 1BFF1631DA4050C47339D9FB /* Pods-DVT-WeatherApp-AdonisRumbwere.debug.xcconfig */;
			buildSettings = {
				ASSETCATALOG_COMPILER_APPICON_NAME = AppIcon;
				CODE_SIGN_STYLE = Automatic;
				DEVELOPMENT_TEAM = 4Z6ZC6JCHL;
				INFOPLIST_FILE = "DVT-WeatherApp-AdonisRumbwere/Info.plist";
				LD_RUNPATH_SEARCH_PATHS = (
					"$(inherited)",
					"@executable_path/Frameworks",
				);
				PRODUCT_BUNDLE_IDENTIFIER = "co.zw.DVT-WeatherApp-AdonisRumbwere";
				PRODUCT_NAME = "$(TARGET_NAME)";
				SWIFT_VERSION = 5.0;
				TARGETED_DEVICE_FAMILY = "1,2";
			};
			name = Debug;
		};
		F1FADB40239E864A00A65A01 /* Release */ = {
			isa = XCBuildConfiguration;
			baseConfigurationReference = F15CD4A011E677DCD4C23808 /* Pods-DVT-WeatherApp-AdonisRumbwere.release.xcconfig */;
			buildSettings = {
				ASSETCATALOG_COMPILER_APPICON_NAME = AppIcon;
				CODE_SIGN_STYLE = Automatic;
				DEVELOPMENT_TEAM = 4Z6ZC6JCHL;
				INFOPLIST_FILE = "DVT-WeatherApp-AdonisRumbwere/Info.plist";
				LD_RUNPATH_SEARCH_PATHS = (
					"$(inherited)",
					"@executable_path/Frameworks",
				);
				PRODUCT_BUNDLE_IDENTIFIER = "co.zw.DVT-WeatherApp-AdonisRumbwere";
				PRODUCT_NAME = "$(TARGET_NAME)";
				SWIFT_VERSION = 5.0;
				TARGETED_DEVICE_FAMILY = "1,2";
			};
			name = Release;
		};
		F1FADB42239E864A00A65A01 /* Debug */ = {
			isa = XCBuildConfiguration;
			baseConfigurationReference = 6EE2C079BD379824F0829208 /* Pods-DVT-WeatherApp-AdonisRumbwereTests.debug.xcconfig */;
			buildSettings = {
				ALWAYS_EMBED_SWIFT_STANDARD_LIBRARIES = YES;
				BUNDLE_LOADER = "$(TEST_HOST)";
				CODE_SIGN_STYLE = Automatic;
				DEVELOPMENT_TEAM = 4Z6ZC6JCHL;
				INFOPLIST_FILE = "DVT-WeatherApp-AdonisRumbwereTests/Info.plist";
				IPHONEOS_DEPLOYMENT_TARGET = 13.2;
				LD_RUNPATH_SEARCH_PATHS = (
					"$(inherited)",
					"@executable_path/Frameworks",
					"@loader_path/Frameworks",
				);
				PRODUCT_BUNDLE_IDENTIFIER = "co.zw.DVT-WeatherApp-AdonisRumbwereTests";
				PRODUCT_NAME = "$(TARGET_NAME)";
				SWIFT_VERSION = 5.0;
				TARGETED_DEVICE_FAMILY = "1,2";
				TEST_HOST = "$(BUILT_PRODUCTS_DIR)/DVT-WeatherApp-AdonisRumbwere.app/DVT-WeatherApp-AdonisRumbwere";
			};
			name = Debug;
		};
		F1FADB43239E864A00A65A01 /* Release */ = {
			isa = XCBuildConfiguration;
			baseConfigurationReference = FD95274BEFB023EB2F2A32DE /* Pods-DVT-WeatherApp-AdonisRumbwereTests.release.xcconfig */;
			buildSettings = {
				ALWAYS_EMBED_SWIFT_STANDARD_LIBRARIES = YES;
				BUNDLE_LOADER = "$(TEST_HOST)";
				CODE_SIGN_STYLE = Automatic;
				DEVELOPMENT_TEAM = 4Z6ZC6JCHL;
				INFOPLIST_FILE = "DVT-WeatherApp-AdonisRumbwereTests/Info.plist";
				IPHONEOS_DEPLOYMENT_TARGET = 13.2;
				LD_RUNPATH_SEARCH_PATHS = (
					"$(inherited)",
					"@executable_path/Frameworks",
					"@loader_path/Frameworks",
				);
				PRODUCT_BUNDLE_IDENTIFIER = "co.zw.DVT-WeatherApp-AdonisRumbwereTests";
				PRODUCT_NAME = "$(TARGET_NAME)";
				SWIFT_VERSION = 5.0;
				TARGETED_DEVICE_FAMILY = "1,2";
				TEST_HOST = "$(BUILT_PRODUCTS_DIR)/DVT-WeatherApp-AdonisRumbwere.app/DVT-WeatherApp-AdonisRumbwere";
			};
			name = Release;
		};
		F1FADB45239E864A00A65A01 /* Debug */ = {
			isa = XCBuildConfiguration;
			baseConfigurationReference = 109735B47538E0BECFD85D1A /* Pods-DVT-WeatherApp-AdonisRumbwereUITests.debug.xcconfig */;
			buildSettings = {
				ALWAYS_EMBED_SWIFT_STANDARD_LIBRARIES = YES;
				CODE_SIGN_STYLE = Automatic;
				DEVELOPMENT_TEAM = 4Z6ZC6JCHL;
				INFOPLIST_FILE = "DVT-WeatherApp-AdonisRumbwereUITests/Info.plist";
				LD_RUNPATH_SEARCH_PATHS = (
					"$(inherited)",
					"@executable_path/Frameworks",
					"@loader_path/Frameworks",
				);
				PRODUCT_BUNDLE_IDENTIFIER = "co.zw.DVT-WeatherApp-AdonisRumbwereUITests";
				PRODUCT_NAME = "$(TARGET_NAME)";
				SWIFT_VERSION = 5.0;
				TARGETED_DEVICE_FAMILY = "1,2";
				TEST_TARGET_NAME = "DVT-WeatherApp-AdonisRumbwere";
			};
			name = Debug;
		};
		F1FADB46239E864A00A65A01 /* Release */ = {
			isa = XCBuildConfiguration;
			baseConfigurationReference = 0EF3CA1DAF9EEB7CC7E925D3 /* Pods-DVT-WeatherApp-AdonisRumbwereUITests.release.xcconfig */;
			buildSettings = {
				ALWAYS_EMBED_SWIFT_STANDARD_LIBRARIES = YES;
				CODE_SIGN_STYLE = Automatic;
				DEVELOPMENT_TEAM = 4Z6ZC6JCHL;
				INFOPLIST_FILE = "DVT-WeatherApp-AdonisRumbwereUITests/Info.plist";
				LD_RUNPATH_SEARCH_PATHS = (
					"$(inherited)",
					"@executable_path/Frameworks",
					"@loader_path/Frameworks",
				);
				PRODUCT_BUNDLE_IDENTIFIER = "co.zw.DVT-WeatherApp-AdonisRumbwereUITests";
				PRODUCT_NAME = "$(TARGET_NAME)";
				SWIFT_VERSION = 5.0;
				TARGETED_DEVICE_FAMILY = "1,2";
				TEST_TARGET_NAME = "DVT-WeatherApp-AdonisRumbwere";
			};
			name = Release;
		};
/* End XCBuildConfiguration section */

/* Begin XCConfigurationList section */
		F1FADB0F239E864600A65A01 /* Build configuration list for PBXProject "DVT-WeatherApp-AdonisRumbwere" */ = {
			isa = XCConfigurationList;
			buildConfigurations = (
				F1FADB3C239E864A00A65A01 /* Debug */,
				F1FADB3D239E864A00A65A01 /* Release */,
			);
			defaultConfigurationIsVisible = 0;
			defaultConfigurationName = Release;
		};
		F1FADB3E239E864A00A65A01 /* Build configuration list for PBXNativeTarget "DVT-WeatherApp-AdonisRumbwere" */ = {
			isa = XCConfigurationList;
			buildConfigurations = (
				F1FADB3F239E864A00A65A01 /* Debug */,
				F1FADB40239E864A00A65A01 /* Release */,
			);
			defaultConfigurationIsVisible = 0;
			defaultConfigurationName = Release;
		};
		F1FADB41239E864A00A65A01 /* Build configuration list for PBXNativeTarget "DVT-WeatherApp-AdonisRumbwereTests" */ = {
			isa = XCConfigurationList;
			buildConfigurations = (
				F1FADB42239E864A00A65A01 /* Debug */,
				F1FADB43239E864A00A65A01 /* Release */,
			);
			defaultConfigurationIsVisible = 0;
			defaultConfigurationName = Release;
		};
		F1FADB44239E864A00A65A01 /* Build configuration list for PBXNativeTarget "DVT-WeatherApp-AdonisRumbwereUITests" */ = {
			isa = XCConfigurationList;
			buildConfigurations = (
				F1FADB45239E864A00A65A01 /* Debug */,
				F1FADB46239E864A00A65A01 /* Release */,
			);
			defaultConfigurationIsVisible = 0;
			defaultConfigurationName = Release;
		};
/* End XCConfigurationList section */
	};
	rootObject = F1FADB0C239E864600A65A01 /* Project object */;
}
